<?xml version="1.0" encoding="utf-8"?>
<Project ToolsVersion="4.0" xmlns="http://schemas.microsoft.com/developer/msbuild/2003">
  <ItemGroup>
    <Filter Include="imgui">
      <UniqueIdentifier>{0587d7a3-f2ce-4d56-b84f-a0005d3bfce6}</UniqueIdentifier>
    </Filter>
    <Filter Include="sources">
      <UniqueIdentifier>{08e36723-ce4f-4cff-9662-c40801cf1acf}</UniqueIdentifier>
    </Filter>
    <Filter Include="Forms">
      <UniqueIdentifier>{3d4ff271-f7d0-4bc1-8643-3c5feab118fb}</UniqueIdentifier>
    </Filter>
    <Filter Include="json">
      <UniqueIdentifier>{dfa66def-6444-4359-837f-a7db889c7a74}</UniqueIdentifier>
    </Filter>
    <Filter Include="Common">
      <UniqueIdentifier>{524268fa-bcd4-4c07-82d2-7ec4142d56ea}</UniqueIdentifier>
    </Filter>
  </ItemGroup>
  <ItemGroup>
    <ClInclude Include="Externals\Imgui\imconfig.h">
      <Filter>imgui</Filter>
    </ClInclude>
    <ClInclude Include="Externals\Imgui\imgui.h">
      <Filter>imgui</Filter>
    </ClInclude>
    <ClInclude Include="Externals\Imgui\imgui_internal.h">
      <Filter>imgui</Filter>
    </ClInclude>
    <ClInclude Include="Externals\Imgui\imgui_impl_dx11.h">
      <Filter>imgui</Filter>
    </ClInclude>
    <ClInclude Include="Externals\Imgui\imgui_impl_win32.h">
      <Filter>imgui</Filter>
    </ClInclude>
    <ClInclude Include="Forms\Imwin.h">
      <Filter>Forms</Filter>
    </ClInclude>
    <ClInclude Include="json\allocator.h">
      <Filter>json</Filter>
    </ClInclude>
    <ClInclude Include="json\assertions.h">
      <Filter>json</Filter>
    </ClInclude>
    <ClInclude Include="json\config.h">
      <Filter>json</Filter>
    </ClInclude>
    <ClInclude Include="json\forwards.h">
      <Filter>json</Filter>
    </ClInclude>
    <ClInclude Include="json\json.h">
      <Filter>json</Filter>
    </ClInclude>
    <ClInclude Include="json\json_features.h">
      <Filter>json</Filter>
    </ClInclude>
    <ClInclude Include="json\json_tool.h">
      <Filter>json</Filter>
    </ClInclude>
    <ClInclude Include="json\reader.h">
      <Filter>json</Filter>
    </ClInclude>
    <ClInclude Include="json\value.h">
      <Filter>json</Filter>
    </ClInclude>
    <ClInclude Include="json\version.h">
      <Filter>json</Filter>
    </ClInclude>
    <ClInclude Include="json\writer.h">
      <Filter>json</Filter>
    </ClInclude>
    <ClInclude Include="resource.h">
      <Filter>sources</Filter>
    </ClInclude>
    <ClInclude Include="Forms\Control.h">
      <Filter>Forms</Filter>
    </ClInclude>
    <ClInclude Include="Common\Borderless.h">
      <Filter>Common</Filter>
    </ClInclude>
    <ClInclude Include="Common\strCoding.h">
      <Filter>Common</Filter>
    </ClInclude>
    <ClInclude Include="Common\base64.h">
      <Filter>Common</Filter>
    </ClInclude>
    <ClInclude Include="Common\regex.h">
      <Filter>Common</Filter>
    </ClInclude>
    <ClInclude Include="Common\Namestr.h">
      <Filter>Common</Filter>
    </ClInclude>
    <ClInclude Include="Common\Imgstring.h">
      <Filter>Common</Filter>
    </ClInclude>
    <ClInclude Include="Common\Loadfun.h">
      <Filter>Common</Filter>
    </ClInclude>
    <ClInclude Include="Common\ImwConfig.h">
      <Filter>Common</Filter>
    </ClInclude>
    <ClInclude Include="Forms\FavoriteItem.h">
      <Filter>Forms</Filter>
    </ClInclude>
    <ClInclude Include="config.h">
      <Filter>sources</Filter>
    </ClInclude>
  </ItemGroup>
  <ItemGroup>
    <ClCompile Include="main.cpp">
      <Filter>sources</Filter>
    </ClCompile>
    <ClCompile Include="Externals\Imgui\imgui.cpp">
      <Filter>imgui</Filter>
    </ClCompile>
    <ClCompile Include="Externals\Imgui\imgui_demo.cpp">
      <Filter>imgui</Filter>
    </ClCompile>
    <ClCompile Include="Externals\Imgui\imgui_draw.cpp">
      <Filter>imgui</Filter>
    </ClCompile>
    <ClCompile Include="Externals\Imgui\imgui_tables.cpp">
      <Filter>imgui</Filter>
    </ClCompile>
    <ClCompile Include="Externals\Imgui\imgui_widgets.cpp">
      <Filter>imgui</Filter>
    </ClCompile>
    <ClCompile Include="Externals\Imgui\imgui_impl_dx11.cpp">
      <Filter>imgui</Filter>
    </ClCompile>
    <ClCompile Include="Externals\Imgui\imgui_impl_win32.cpp">
      <Filter>imgui</Filter>
    </ClCompile>
    <ClCompile Include="Forms\Imwin.cpp">
      <Filter>Forms</Filter>
    </ClCompile>
    <ClCompile Include="json\json_reader.cpp">
      <Filter>json</Filter>
    </ClCompile>
    <ClCompile Include="json\json_value.cpp">
      <Filter>json</Filter>
    </ClCompile>
    <ClCompile Include="json\json_writer.cpp">
      <Filter>json</Filter>
    </ClCompile>
    <ClCompile Include="Common\strCoding.cpp">
      <Filter>Common</Filter>
    </ClCompile>
    <ClCompile Include="Common\base64.cpp">
      <Filter>Common</Filter>
    </ClCompile>
    <ClCompile Include="Common\regex.c">
      <Filter>Common</Filter>
    </ClCompile>
    <ClCompile Include="Forms\FavoriteItem.cpp">
      <Filter>Forms</Filter>
    </ClCompile>
  </ItemGroup>
  <ItemGroup>
    <None Include="json\json_valueiterator.inl">
      <Filter>json</Filter>
    </None>
  </ItemGroup>
  <ItemGroup>
    <Image Include="App.ico">
      <Filter>sources</Filter>
    </Image>
  </ItemGroup>
  <ItemGroup>
    <ResourceCompile Include="BrowserTab.rc">
      <Filter>sources</Filter>
    </ResourceCompile>
  </ItemGroup>
</Project>